
Microsoft Visual Studio Solution File, Format Version 12.00
# Visual Studio Version 17
VisualStudioVersion = 17.9.34728.123
MinimumVisualStudioVersion = 10.0.40219.1
Project("{FAE04EC0-301F-11D3-BF4B-00C04F79EFBC}") = "CollectionViewItemTappedBug", "CollectionViewItemTappedBug\CollectionViewItemTappedBug.csproj", "{AF693380-B268-4849-9887-49DF1EC2878A}"
EndProject
Global
	GlobalSection(SolutionConfigurationPlatforms) = preSolution
		Debug|Any CPU = Debug|Any CPU
		Release|Any CPU = Release|Any CPU
	EndGlobalSection
	GlobalSection(ProjectConfigurationPlatforms) = postSolution
		{AF693380-B268-4849-9887-49DF1EC2878A}.Debug|Any CPU.ActiveCfg = Debug|Any CPU
		{AF693380-B268-4849-9887-49DF1EC2878A}.Debug|Any CPU.Build.0 = Debug|Any CPU
		{AF693380-B268-4849-9887-49DF1EC2878A}.Debug|Any CPU.Deploy.0 = Debug|Any CPU
		{AF693380-B268-4849-9887-49DF1EC2878A}.Release|Any CPU.ActiveCfg = Release|Any CPU
		{AF693380-B268-4849-9887-49DF1EC2878A}.Release|Any CPU.Build.0 = Release|Any CPU
		{AF693380-B268-4849-9887-49DF1EC2878A}.Release|Any CPU.Deploy.0 = Release|Any CPU
	EndGlobalSection
	GlobalSection(SolutionProperties) = preSolution
		HideSolutionNode = FALSE
	EndGlobalSection
	GlobalSection(ExtensibilityGlobals) = postSolution
		SolutionGuid = {4DA57AE4-E248-450F-A7BE-832068BF27B7}
	EndGlobalSection
EndGlobal
